github.com/gempir/go-twitch-irc/v2 v2.8.1 h1:M0Rt2ODGPEk33+UEwv2XSrnGMMwVyUoBt+MNI3ZVf8c=
github.com/gempir/go-twitch-irc/v2 v2.8.1/go.mod h1:120d2SdlRYg8tRnZwsyNPeS+mWPn+YmNEzB7Bv/CDGE=
github.com/mattn/go-sqlite3 v1.14.24 h1:tpSp2G2KyMnnQu99ngJ47EIkWVmliIizyZBfPrBWDRM=
github.com/mattn/go-sqlite3 v1.14.24/go.mod h1:Uh1q+B4BYcTPb+yiD3kU8Ct7aC0hY9fxUwlHK0RXw+Y=
